# THIS IS AN AUTOGENERATED FILE. DO NOT EDIT THIS FILE DIRECTLY.
# yarn lockfile v1


"@lexical/code@0.12.4":
  version "0.12.4"
  resolved "https://registry.yarnpkg.com/@lexical/code/-/code-0.12.4.tgz#aa91cf1b070e012b359e9ba023ef880ed8c7fec0"
  integrity sha512-pX7rJCjbjCl6VdOPl2hl/UkjP3iPPyCQgH2VQ+WlXapDd+0uZ54nPL1MKCCaFUZocHPmOmSRKKGUp6K2CNiqzg==
  dependencies:
    "@lexical/utils" "0.12.4"
    prismjs "^1.27.0"

"@lexical/link@0.12.4":
  version "0.12.4"
  resolved "https://registry.yarnpkg.com/@lexical/link/-/link-0.12.4.tgz#364628ae06396cd0182c978efaa9e66d77b34758"
  integrity sha512-gmEs0GJGDhgwV1x0IrO7Br2GCALijZLIayGWoLAgYiXZee4WZpvjbngZuC6yghYBhrme6muPRMG2sLMwV2cWiQ==
  dependencies:
    "@lexical/utils" "0.12.4"

"@lexical/list@0.12.4":
  version "0.12.4"
  resolved "https://registry.yarnpkg.com/@lexical/list/-/list-0.12.4.tgz#f57fe71ff599e298569722e0364c26a5cf417082"
  integrity sha512-qxwRIz+4Aj2u2fzyGPo86vX+1ebwCnamppr/c5ZWuqpRTWtYDWjq5LQKIwAvZBxCzPdtP5jzwyZ6VYWQXYW4Kg==
  dependencies:
    "@lexical/utils" "0.12.4"

"@lexical/rich-text@0.12.4":
  version "0.12.4"
  resolved "https://registry.yarnpkg.com/@lexical/rich-text/-/rich-text-0.12.4.tgz#545a1d6bd88e930c572d17fe504a8796f6af0c9d"
  integrity sha512-gWMDmdRRFPk00JfQv52650qcpjTN6oBrrYwBydYvEG8WTC8o1k8qEOZaOFja6GElPt0520dpyvcWHTlIL0jv3Q==

"@lexical/selection@0.12.4":
  version "0.12.4"
  resolved "https://registry.yarnpkg.com/@lexical/selection/-/selection-0.12.4.tgz#756922edbf42f3cb0bd6f99239d77ba2615c859c"
  integrity sha512-9lJt9PBJW7lWYiPDo/PGl2nZ6NrdYaDBidEoMNhyusPjeBEr35z4Hm0qWUhDrPDQPhK2i1oBw6nZa94bxuS9Lw==

"@lexical/table@0.12.4":
  version "0.12.4"
  resolved "https://registry.yarnpkg.com/@lexical/table/-/table-0.12.4.tgz#b40426de069b7e962e95e38f2ff1bc10ca649388"
  integrity sha512-Lyy6y1HOQqzU8O2cH5Zhzek46B0UU7NceM2fJKM7qiBSuxY/nE0BzkFq0xDk3x5W+vhXob6Z32sJSNFImtuqKw==
  dependencies:
    "@lexical/utils" "0.12.4"

"@lexical/text@0.12.4":
  version "0.12.4"
  resolved "https://registry.yarnpkg.com/@lexical/text/-/text-0.12.4.tgz#65ba9620492d673cd68c8380725d4e4fe845e603"
  integrity sha512-r/7402eCf6C/7BqUNR7ZLZQQjsE62wjeuf0rFeW1ulOpwiti/dFn1o+EsCb0hvNeHPzfGgRC+FuDT9KSEKu7Ig==

"@lexical/utils@0.12.4":
  version "0.12.4"
  resolved "https://registry.yarnpkg.com/@lexical/utils/-/utils-0.12.4.tgz#83ed97d31201e1b911cfa38b940909c3cca41d77"
  integrity sha512-ColV11ANBY6deT7CdGwP4lzv3pb5caFfFLcVKdGDMMJSUYFQ5l69aZvDP2qWWnNqzGLb+AJSunMd142wWc5LGg==
  dependencies:
    "@lexical/list" "0.12.4"
    "@lexical/selection" "0.12.4"
    "@lexical/table" "0.12.4"

prismjs@^1.27.0:
  version "1.29.0"
  resolved "https://registry.yarnpkg.com/prismjs/-/prismjs-1.29.0.tgz#f113555a8fa9b57c35e637bba27509dcf802dd12"
  integrity sha512-Kx/1w86q/epKcmte75LNrEoT+lX8pBpavuAbvJWRXar7Hz8jrtF+e3vY751p0R8H9HdArwaCTNDDzHg/ScJK1Q==
